// !$*UTF8*$!
{
	archiveVersion = 1;
	classes = {
	};
	objectVersion = 46;
	objects = {

/* Begin PBXBuildFile section */
		804D6CD91E89A08C00C98053 /* main.m in Sources */ = {isa = PBXBuildFile; fileRef = 804D6CD81E89A08C00C98053 /* main.m */; };
		804D6CDC1E89A08C00C98053 /* AppDelegate.m in Sources */ = {isa = PBXBuildFile; fileRef = 804D6CDB1E89A08C00C98053 /* AppDelegate.m */; };
		804D6CDF1E89A08C00C98053 /* ViewController.m in Sources */ = {isa = PBXBuildFile; fileRef = 804D6CDE1E89A08C00C98053 /* ViewController.m */; };
		804D6CE21E89A08C00C98053 /* Main.storyboard in Resources */ = {isa = PBXBuildFile; fileRef = 804D6CE01E89A08C00C98053 /* Main.storyboard */; };
		804D6CE51E89A08C00C98053 /* basket.xcdatamodeld in Sources */ = {isa = PBXBuildFile; fileRef = 804D6CE31E89A08C00C98053 /* basket.xcdatamodeld */; };
		804D6CE71E89A08C00C98053 /* Assets.xcassets in Resources */ = {isa = PBXBuildFile; fileRef = 804D6CE61E89A08C00C98053 /* Assets.xcassets */; };
		804D6CEA1E89A08C00C98053 /* LaunchScreen.storyboard in Resources */ = {isa = PBXBuildFile; fileRef = 804D6CE81E89A08C00C98053 /* LaunchScreen.storyboard */; };
		804D6CF51E89A08C00C98053 /* basketTests.m in Sources */ = {isa = PBXBuildFile; fileRef = 804D6CF41E89A08C00C98053 /* basketTests.m */; };
		804D6D071E89A25600C98053 /* BTFood.m in Sources */ = {isa = PBXBuildFile; fileRef = 804D6D061E89A25600C98053 /* BTFood.m */; };
		804D6D081E89A25600C98053 /* BTFood.m in Sources */ = {isa = PBXBuildFile; fileRef = 804D6D061E89A25600C98053 /* BTFood.m */; };
		804D6D0B1E89A27400C98053 /* BTBean.m in Sources */ = {isa = PBXBuildFile; fileRef = 804D6D0A1E89A27400C98053 /* BTBean.m */; };
		804D6D0C1E89A27400C98053 /* BTBean.m in Sources */ = {isa = PBXBuildFile; fileRef = 804D6D0A1E89A27400C98053 /* BTBean.m */; };
		804D6D0F1E89A28300C98053 /* BTMilk.m in Sources */ = {isa = PBXBuildFile; fileRef = 804D6D0E1E89A28300C98053 /* BTMilk.m */; };
		804D6D101E89A28300C98053 /* BTMilk.m in Sources */ = {isa = PBXBuildFile; fileRef = 804D6D0E1E89A28300C98053 /* BTMilk.m */; };
		804D6D131E89A28F00C98053 /* BTEgg.m in Sources */ = {isa = PBXBuildFile; fileRef = 804D6D121E89A28F00C98053 /* BTEgg.m */; };
		804D6D141E89A28F00C98053 /* BTEgg.m in Sources */ = {isa = PBXBuildFile; fileRef = 804D6D121E89A28F00C98053 /* BTEgg.m */; };
		804D6D171E89A29E00C98053 /* BTTomato.m in Sources */ = {isa = PBXBuildFile; fileRef = 804D6D161E89A29E00C98053 /* BTTomato.m */; };
		804D6D181E89A29E00C98053 /* BTTomato.m in Sources */ = {isa = PBXBuildFile; fileRef = 804D6D161E89A29E00C98053 /* BTTomato.m */; };
		804D6D1C1E89A40E00C98053 /* BTBasket.m in Sources */ = {isa = PBXBuildFile; fileRef = 804D6D1B1E89A40E00C98053 /* BTBasket.m */; };
		804D6D1D1E89A40E00C98053 /* BTBasket.m in Sources */ = {isa = PBXBuildFile; fileRef = 804D6D1B1E89A40E00C98053 /* BTBasket.m */; };
		804D6D251E89AA8500C98053 /* BTViewController.m in Sources */ = {isa = PBXBuildFile; fileRef = 804D6D241E89AA8500C98053 /* BTViewController.m */; };
		804D6D261E89AA8500C98053 /* BTViewController.m in Sources */ = {isa = PBXBuildFile; fileRef = 804D6D241E89AA8500C98053 /* BTViewController.m */; };
		804D6D291E89AB5700C98053 /* BTShopViewController.m in Sources */ = {isa = PBXBuildFile; fileRef = 804D6D281E89AB5700C98053 /* BTShopViewController.m */; };
		804D6D2A1E89AB5700C98053 /* BTShopViewController.m in Sources */ = {isa = PBXBuildFile; fileRef = 804D6D281E89AB5700C98053 /* BTShopViewController.m */; };
		804D6D2E1E89ABA900C98053 /* BTCheckoutViewController.m in Sources */ = {isa = PBXBuildFile; fileRef = 804D6D2D1E89ABA900C98053 /* BTCheckoutViewController.m */; };
		804D6D2F1E89ABA900C98053 /* BTCheckoutViewController.m in Sources */ = {isa = PBXBuildFile; fileRef = 804D6D2D1E89ABA900C98053 /* BTCheckoutViewController.m */; };
		804D6D371E89AC3800C98053 /* BTCollectionViewCell.m in Sources */ = {isa = PBXBuildFile; fileRef = 804D6D351E89AC3800C98053 /* BTCollectionViewCell.m */; };
		804D6D381E89AC3800C98053 /* BTCollectionViewCell.m in Sources */ = {isa = PBXBuildFile; fileRef = 804D6D351E89AC3800C98053 /* BTCollectionViewCell.m */; };
		804D6D391E89AC3800C98053 /* BTCollectionViewCell.xib in Resources */ = {isa = PBXBuildFile; fileRef = 804D6D361E89AC3800C98053 /* BTCollectionViewCell.xib */; };
		804D6D3A1E89AC3800C98053 /* BTCollectionViewCell.xib in Resources */ = {isa = PBXBuildFile; fileRef = 804D6D361E89AC3800C98053 /* BTCollectionViewCell.xib */; };
		804D6D3E1E89B1A700C98053 /* BTShopManager.m in Sources */ = {isa = PBXBuildFile; fileRef = 804D6D3D1E89B1A700C98053 /* BTShopManager.m */; };
		804D6D3F1E89B1A700C98053 /* BTShopManager.m in Sources */ = {isa = PBXBuildFile; fileRef = 804D6D3D1E89B1A700C98053 /* BTShopManager.m */; };
		804D6D431E89B46000C98053 /* BTCurrency.m in Sources */ = {isa = PBXBuildFile; fileRef = 804D6D421E89B46000C98053 /* BTCurrency.m */; };
		804D6D441E89B46000C98053 /* BTCurrency.m in Sources */ = {isa = PBXBuildFile; fileRef = 804D6D421E89B46000C98053 /* BTCurrency.m */; };
		804D6D491E89C70A00C98053 /* BTButton.m in Sources */ = {isa = PBXBuildFile; fileRef = 804D6D481E89C70A00C98053 /* BTButton.m */; };
		804D6D4A1E89C70A00C98053 /* BTButton.m in Sources */ = {isa = PBXBuildFile; fileRef = 804D6D481E89C70A00C98053 /* BTButton.m */; };
/* End PBXBuildFile section */

/* Begin PBXContainerItemProxy section */
		804D6CF11E89A08C00C98053 /* PBXContainerItemProxy */ = {
			isa = PBXContainerItemProxy;
			containerPortal = 804D6CCC1E89A08C00C98053 /* Project object */;
			proxyType = 1;
			remoteGlobalIDString = 804D6CD31E89A08C00C98053;
			remoteInfo = basket;
		};
/* End PBXContainerItemProxy section */

/* Begin PBXFileReference section */
		804D6CD41E89A08C00C98053 /* basket.app */ = {isa = PBXFileReference; explicitFileType = wrapper.application; includeInIndex = 0; path = basket.app; sourceTree = BUILT_PRODUCTS_DIR; };
		804D6CD81E89A08C00C98053 /* main.m */ = {isa = PBXFileReference; lastKnownFileType = sourcecode.c.objc; path = main.m; sourceTree = "<group>"; };
		804D6CDA1E89A08C00C98053 /* AppDelegate.h */ = {isa = PBXFileReference; lastKnownFileType = sourcecode.c.h; path = AppDelegate.h; sourceTree = "<group>"; };
		804D6CDB1E89A08C00C98053 /* AppDelegate.m */ = {isa = PBXFileReference; lastKnownFileType = sourcecode.c.objc; path = AppDelegate.m; sourceTree = "<group>"; };
		804D6CDD1E89A08C00C98053 /* ViewController.h */ = {isa = PBXFileReference; lastKnownFileType = sourcecode.c.h; path = ViewController.h; sourceTree = "<group>"; };
		804D6CDE1E89A08C00C98053 /* ViewController.m */ = {isa = PBXFileReference; lastKnownFileType = sourcecode.c.objc; path = ViewController.m; sourceTree = "<group>"; };
		804D6CE11E89A08C00C98053 /* Base */ = {isa = PBXFileReference; lastKnownFileType = file.storyboard; name = Base; path = Base.lproj/Main.storyboard; sourceTree = "<group>"; };
		804D6CE41E89A08C00C98053 /* basket.xcdatamodel */ = {isa = PBXFileReference; lastKnownFileType = wrapper.xcdatamodel; path = basket.xcdatamodel; sourceTree = "<group>"; };
		804D6CE61E89A08C00C98053 /* Assets.xcassets */ = {isa = PBXFileReference; lastKnownFileType = folder.assetcatalog; path = Assets.xcassets; sourceTree = "<group>"; };
		804D6CE91E89A08C00C98053 /* Base */ = {isa = PBXFileReference; lastKnownFileType = file.storyboard; name = Base; path = Base.lproj/LaunchScreen.storyboard; sourceTree = "<group>"; };
		804D6CEB1E89A08C00C98053 /* Info.plist */ = {isa = PBXFileReference; lastKnownFileType = text.plist.xml; path = Info.plist; sourceTree = "<group>"; };
		804D6CF01E89A08C00C98053 /* basketTests.xctest */ = {isa = PBXFileReference; explicitFileType = wrapper.cfbundle; includeInIndex = 0; path = basketTests.xctest; sourceTree = BUILT_PRODUCTS_DIR; };
		804D6CF41E89A08C00C98053 /* basketTests.m */ = {isa = PBXFileReference; lastKnownFileType = sourcecode.c.objc; path = basketTests.m; sourceTree = "<group>"; };
		804D6CF61E89A08C00C98053 /* Info.plist */ = {isa = PBXFileReference; lastKnownFileType = text.plist.xml; path = Info.plist; sourceTree = "<group>"; };
		804D6D051E89A25600C98053 /* BTFood.h */ = {isa = PBXFileReference; fileEncoding = 4; lastKnownFileType = sourcecode.c.h; path = BTFood.h; sourceTree = "<group>"; };
		804D6D061E89A25600C98053 /* BTFood.m */ = {isa = PBXFileReference; fileEncoding = 4; lastKnownFileType = sourcecode.c.objc; path = BTFood.m; sourceTree = "<group>"; };
		804D6D091E89A27400C98053 /* BTBean.h */ = {isa = PBXFileReference; fileEncoding = 4; lastKnownFileType = sourcecode.c.h; path = BTBean.h; sourceTree = "<group>"; };
		804D6D0A1E89A27400C98053 /* BTBean.m */ = {isa = PBXFileReference; fileEncoding = 4; lastKnownFileType = sourcecode.c.objc; path = BTBean.m; sourceTree = "<group>"; };
		804D6D0D1E89A28300C98053 /* BTMilk.h */ = {isa = PBXFileReference; fileEncoding = 4; lastKnownFileType = sourcecode.c.h; path = BTMilk.h; sourceTree = "<group>"; };
		804D6D0E1E89A28300C98053 /* BTMilk.m */ = {isa = PBXFileReference; fileEncoding = 4; lastKnownFileType = sourcecode.c.objc; path = BTMilk.m; sourceTree = "<group>"; };
		804D6D111E89A28F00C98053 /* BTEgg.h */ = {isa = PBXFileReference; fileEncoding = 4; lastKnownFileType = sourcecode.c.h; path = BTEgg.h; sourceTree = "<group>"; };
		804D6D121E89A28F00C98053 /* BTEgg.m */ = {isa = PBXFileReference; fileEncoding = 4; lastKnownFileType = sourcecode.c.objc; path = BTEgg.m; sourceTree = "<group>"; };
		804D6D151E89A29E00C98053 /* BTTomato.h */ = {isa = PBXFileReference; fileEncoding = 4; lastKnownFileType = sourcecode.c.h; path = BTTomato.h; sourceTree = "<group>"; };
		804D6D161E89A29E00C98053 /* BTTomato.m */ = {isa = PBXFileReference; fileEncoding = 4; lastKnownFileType = sourcecode.c.objc; path = BTTomato.m; sourceTree = "<group>"; };
		804D6D1A1E89A40E00C98053 /* BTBasket.h */ = {isa = PBXFileReference; fileEncoding = 4; lastKnownFileType = sourcecode.c.h; path = BTBasket.h; sourceTree = "<group>"; };
		804D6D1B1E89A40E00C98053 /* BTBasket.m */ = {isa = PBXFileReference; fileEncoding = 4; lastKnownFileType = sourcecode.c.objc; path = BTBasket.m; sourceTree = "<group>"; };
		804D6D231E89AA8500C98053 /* BTViewController.h */ = {isa = PBXFileReference; fileEncoding = 4; lastKnownFileType = sourcecode.c.h; path = BTViewController.h; sourceTree = "<group>"; };
		804D6D241E89AA8500C98053 /* BTViewController.m */ = {isa = PBXFileReference; fileEncoding = 4; lastKnownFileType = sourcecode.c.objc; path = BTViewController.m; sourceTree = "<group>"; };
		804D6D271E89AB5700C98053 /* BTShopViewController.h */ = {isa = PBXFileReference; fileEncoding = 4; lastKnownFileType = sourcecode.c.h; path = BTShopViewController.h; sourceTree = "<group>"; };
		804D6D281E89AB5700C98053 /* BTShopViewController.m */ = {isa = PBXFileReference; fileEncoding = 4; lastKnownFileType = sourcecode.c.objc; path = BTShopViewController.m; sourceTree = "<group>"; };
		804D6D2C1E89ABA900C98053 /* BTCheckoutViewController.h */ = {isa = PBXFileReference; fileEncoding = 4; lastKnownFileType = sourcecode.c.h; path = BTCheckoutViewController.h; sourceTree = "<group>"; };
		804D6D2D1E89ABA900C98053 /* BTCheckoutViewController.m */ = {isa = PBXFileReference; fileEncoding = 4; lastKnownFileType = sourcecode.c.objc; path = BTCheckoutViewController.m; sourceTree = "<group>"; };
		804D6D341E89AC3800C98053 /* BTCollectionViewCell.h */ = {isa = PBXFileReference; fileEncoding = 4; lastKnownFileType = sourcecode.c.h; path = BTCollectionViewCell.h; sourceTree = "<group>"; };
		804D6D351E89AC3800C98053 /* BTCollectionViewCell.m */ = {isa = PBXFileReference; fileEncoding = 4; lastKnownFileType = sourcecode.c.objc; path = BTCollectionViewCell.m; sourceTree = "<group>"; };
		804D6D361E89AC3800C98053 /* BTCollectionViewCell.xib */ = {isa = PBXFileReference; fileEncoding = 4; lastKnownFileType = file.xib; path = BTCollectionViewCell.xib; sourceTree = "<group>"; };
		804D6D3B1E89B0C000C98053 /* Constants.h */ = {isa = PBXFileReference; fileEncoding = 4; lastKnownFileType = sourcecode.c.h; path = Constants.h; sourceTree = "<group>"; };
		804D6D3C1E89B1A700C98053 /* BTShopManager.h */ = {isa = PBXFileReference; fileEncoding = 4; lastKnownFileType = sourcecode.c.h; path = BTShopManager.h; sourceTree = "<group>"; };
		804D6D3D1E89B1A700C98053 /* BTShopManager.m */ = {isa = PBXFileReference; fileEncoding = 4; lastKnownFileType = sourcecode.c.objc; path = BTShopManager.m; sourceTree = "<group>"; };
		804D6D411E89B46000C98053 /* BTCurrency.h */ = {isa = PBXFileReference; fileEncoding = 4; lastKnownFileType = sourcecode.c.h; path = BTCurrency.h; sourceTree = "<group>"; };
		804D6D421E89B46000C98053 /* BTCurrency.m */ = {isa = PBXFileReference; fileEncoding = 4; lastKnownFileType = sourcecode.c.objc; path = BTCurrency.m; sourceTree = "<group>"; };
		804D6D471E89C70A00C98053 /* BTButton.h */ = {isa = PBXFileReference; fileEncoding = 4; lastKnownFileType = sourcecode.c.h; path = BTButton.h; sourceTree = "<group>"; };
		804D6D481E89C70A00C98053 /* BTButton.m */ = {isa = PBXFileReference; fileEncoding = 4; lastKnownFileType = sourcecode.c.objc; path = BTButton.m; sourceTree = "<group>"; };
/* End PBXFileReference section */

/* Begin PBXFrameworksBuildPhase section */
		804D6CD11E89A08C00C98053 /* Frameworks */ = {
			isa = PBXFrameworksBuildPhase;
			buildActionMask = 2147483647;
			files = (
			);
			runOnlyForDeploymentPostprocessing = 0;
		};
		804D6CED1E89A08C00C98053 /* Frameworks */ = {
			isa = PBXFrameworksBuildPhase;
			buildActionMask = 2147483647;
			files = (
			);
			runOnlyForDeploymentPostprocessing = 0;
		};
/* End PBXFrameworksBuildPhase section */

/* Begin PBXGroup section */
		804D6CCB1E89A08C00C98053 = {
			isa = PBXGroup;
			children = (
				804D6CD61E89A08C00C98053 /* basket */,
				804D6CF31E89A08C00C98053 /* basketTests */,
				804D6CD51E89A08C00C98053 /* Products */,
			);
			sourceTree = "<group>";
		};
		804D6CD51E89A08C00C98053 /* Products */ = {
			isa = PBXGroup;
			children = (
				804D6CD41E89A08C00C98053 /* basket.app */,
				804D6CF01E89A08C00C98053 /* basketTests.xctest */,
			);
			name = Products;
			sourceTree = "<group>";
		};
		804D6CD61E89A08C00C98053 /* basket */ = {
			isa = PBXGroup;
			children = (
				804D6D1E1E89A74500C98053 /* Managers */,
				804D6CFF1E89A1CF00C98053 /* Objects */,
				804D6D211E89AA5F00C98053 /* View Controllers */,
				804D6D311E89ABBF00C98053 /* Storyboards */,
				804D6D331E89AC1600C98053 /* Views */,
				804D6CD71E89A08C00C98053 /* Supporting Files */,
			);
			path = basket;
			sourceTree = "<group>";
		};
		804D6CD71E89A08C00C98053 /* Supporting Files */ = {
			isa = PBXGroup;
			children = (
				804D6CE31E89A08C00C98053 /* basket.xcdatamodeld */,
				804D6D301E89ABB300C98053 /* App Delegates */,
				804D6D321E89ABC900C98053 /* Assets */,
				804D6CDD1E89A08C00C98053 /* ViewController.h */,
				804D6CDE1E89A08C00C98053 /* ViewController.m */,
				804D6CEB1E89A08C00C98053 /* Info.plist */,
				804D6CD81E89A08C00C98053 /* main.m */,
				804D6D3B1E89B0C000C98053 /* Constants.h */,
			);
			name = "Supporting Files";
			sourceTree = "<group>";
		};
		804D6CF31E89A08C00C98053 /* basketTests */ = {
			isa = PBXGroup;
			children = (
				804D6CF41E89A08C00C98053 /* basketTests.m */,
				804D6CF61E89A08C00C98053 /* Info.plist */,
			);
			path = basketTests;
			sourceTree = "<group>";
		};
		804D6CFF1E89A1CF00C98053 /* Objects */ = {
			isa = PBXGroup;
			children = (
				804D6D401E89B44F00C98053 /* Currency */,
				804D6D191E89A3FE00C98053 /* Basket */,
				804D6D001E89A1DA00C98053 /* Food */,
			);
			name = Objects;
			sourceTree = "<group>";
		};
		804D6D001E89A1DA00C98053 /* Food */ = {
			isa = PBXGroup;
			children = (
				804D6D051E89A25600C98053 /* BTFood.h */,
				804D6D061E89A25600C98053 /* BTFood.m */,
				804D6D041E89A1FD00C98053 /* Bean */,
				804D6D031E89A1F700C98053 /* Milk */,
				804D6D021E89A1F100C98053 /* Egg */,
				804D6D011E89A1EB00C98053 /* Tomato */,
			);
			name = Food;
			sourceTree = "<group>";
		};
		804D6D011E89A1EB00C98053 /* Tomato */ = {
			isa = PBXGroup;
			children = (
				804D6D151E89A29E00C98053 /* BTTomato.h */,
				804D6D161E89A29E00C98053 /* BTTomato.m */,
			);
			name = Tomato;
			sourceTree = "<group>";
		};
		804D6D021E89A1F100C98053 /* Egg */ = {
			isa = PBXGroup;
			children = (
				804D6D111E89A28F00C98053 /* BTEgg.h */,
				804D6D121E89A28F00C98053 /* BTEgg.m */,
			);
			name = Egg;
			sourceTree = "<group>";
		};
		804D6D031E89A1F700C98053 /* Milk */ = {
			isa = PBXGroup;
			children = (
				804D6D0D1E89A28300C98053 /* BTMilk.h */,
				804D6D0E1E89A28300C98053 /* BTMilk.m */,
			);
			name = Milk;
			sourceTree = "<group>";
		};
		804D6D041E89A1FD00C98053 /* Bean */ = {
			isa = PBXGroup;
			children = (
				804D6D091E89A27400C98053 /* BTBean.h */,
				804D6D0A1E89A27400C98053 /* BTBean.m */,
			);
			name = Bean;
			sourceTree = "<group>";
		};
		804D6D191E89A3FE00C98053 /* Basket */ = {
			isa = PBXGroup;
			children = (
				804D6D1A1E89A40E00C98053 /* BTBasket.h */,
				804D6D1B1E89A40E00C98053 /* BTBasket.m */,
			);
			name = Basket;
			sourceTree = "<group>";
		};
		804D6D1E1E89A74500C98053 /* Managers */ = {
			isa = PBXGroup;
			children = (
				804D6D201E89A77000C98053 /* Shop */,
				804D6D1F1E89A74C00C98053 /* Currency API Manager */,
			);
			name = Managers;
			sourceTree = "<group>";
		};
		804D6D1F1E89A74C00C98053 /* Currency API Manager */ = {
			isa = PBXGroup;
			children = (
			);
			name = "Currency API Manager";
			sourceTree = "<group>";
		};
		804D6D201E89A77000C98053 /* Shop */ = {
			isa = PBXGroup;
			children = (
				804D6D3C1E89B1A700C98053 /* BTShopManager.h */,
				804D6D3D1E89B1A700C98053 /* BTShopManager.m */,
			);
			name = Shop;
			sourceTree = "<group>";
		};
		804D6D211E89AA5F00C98053 /* View Controllers */ = {
			isa = PBXGroup;
			children = (
				804D6D231E89AA8500C98053 /* BTViewController.h */,
				804D6D241E89AA8500C98053 /* BTViewController.m */,
				804D6D221E89AA6E00C98053 /* Shop View Controller */,
				804D6D2B1E89AB8300C98053 /* Checkout View Controller */,
			);
			name = "View Controllers";
			sourceTree = "<group>";
		};
		804D6D221E89AA6E00C98053 /* Shop View Controller */ = {
			isa = PBXGroup;
			children = (
				804D6D271E89AB5700C98053 /* BTShopViewController.h */,
				804D6D281E89AB5700C98053 /* BTShopViewController.m */,
			);
			name = "Shop View Controller";
			sourceTree = "<group>";
		};
		804D6D2B1E89AB8300C98053 /* Checkout View Controller */ = {
			isa = PBXGroup;
			children = (
				804D6D2C1E89ABA900C98053 /* BTCheckoutViewController.h */,
				804D6D2D1E89ABA900C98053 /* BTCheckoutViewController.m */,
			);
			name = "Checkout View Controller";
			sourceTree = "<group>";
		};
		804D6D301E89ABB300C98053 /* App Delegates */ = {
			isa = PBXGroup;
			children = (
				804D6CDA1E89A08C00C98053 /* AppDelegate.h */,
				804D6CDB1E89A08C00C98053 /* AppDelegate.m */,
			);
			name = "App Delegates";
			sourceTree = "<group>";
		};
		804D6D311E89ABBF00C98053 /* Storyboards */ = {
			isa = PBXGroup;
			children = (
				804D6CE01E89A08C00C98053 /* Main.storyboard */,
				804D6CE81E89A08C00C98053 /* LaunchScreen.storyboard */,
			);
			name = Storyboards;
			sourceTree = "<group>";
		};
		804D6D321E89ABC900C98053 /* Assets */ = {
			isa = PBXGroup;
			children = (
				804D6CE61E89A08C00C98053 /* Assets.xcassets */,
			);
			name = Assets;
			sourceTree = "<group>";
		};
		804D6D331E89AC1600C98053 /* Views */ = {
			isa = PBXGroup;
			children = (
				804D6D461E89C6F700C98053 /* Button */,
				804D6D451E89C6EF00C98053 /* Cell */,
			);
			name = Views;
			sourceTree = "<group>";
		};
		804D6D401E89B44F00C98053 /* Currency */ = {
			isa = PBXGroup;
			children = (
				804D6D411E89B46000C98053 /* BTCurrency.h */,
				804D6D421E89B46000C98053 /* BTCurrency.m */,
			);
			name = Currency;
			sourceTree = "<group>";
		};
		804D6D451E89C6EF00C98053 /* Cell */ = {
			isa = PBXGroup;
			children = (
				804D6D341E89AC3800C98053 /* BTCollectionViewCell.h */,
				804D6D351E89AC3800C98053 /* BTCollectionViewCell.m */,
				804D6D361E89AC3800C98053 /* BTCollectionViewCell.xib */,
			);
			name = Cell;
			sourceTree = "<group>";
		};
		804D6D461E89C6F700C98053 /* Button */ = {
			isa = PBXGroup;
			children = (
				804D6D471E89C70A00C98053 /* BTButton.h */,
				804D6D481E89C70A00C98053 /* BTButton.m */,
			);
			name = Button;
			sourceTree = "<group>";
		};
/* End PBXGroup section */

/* Begin PBXNativeTarget section */
		804D6CD31E89A08C00C98053 /* basket */ = {
			isa = PBXNativeTarget;
			buildConfigurationList = 804D6CF91E89A08C00C98053 /* Build configuration list for PBXNativeTarget "basket" */;
			buildPhases = (
				804D6CD01E89A08C00C98053 /* Sources */,
				804D6CD11E89A08C00C98053 /* Frameworks */,
				804D6CD21E89A08C00C98053 /* Resources */,
			);
			buildRules = (
			);
			dependencies = (
			);
			name = basket;
			productName = basket;
			productReference = 804D6CD41E89A08C00C98053 /* basket.app */;
			productType = "com.apple.product-type.application";
		};
		804D6CEF1E89A08C00C98053 /* basketTests */ = {
			isa = PBXNativeTarget;
			buildConfigurationList = 804D6CFC1E89A08C00C98053 /* Build configuration list for PBXNativeTarget "basketTests" */;
			buildPhases = (
				804D6CEC1E89A08C00C98053 /* Sources */,
				804D6CED1E89A08C00C98053 /* Frameworks */,
				804D6CEE1E89A08C00C98053 /* Resources */,
			);
			buildRules = (
			);
			dependencies = (
				804D6CF21E89A08C00C98053 /* PBXTargetDependency */,
			);
			name = basketTests;
			productName = basketTests;
			productReference = 804D6CF01E89A08C00C98053 /* basketTests.xctest */;
			productType = "com.apple.product-type.bundle.unit-test";
		};
/* End PBXNativeTarget section */

/* Begin PBXProject section */
		804D6CCC1E89A08C00C98053 /* Project object */ = {
			isa = PBXProject;
			attributes = {
				LastUpgradeCheck = 0820;
				ORGANIZATIONNAME = "Lukáš Fečke";
				TargetAttributes = {
					804D6CD31E89A08C00C98053 = {
						CreatedOnToolsVersion = 8.2;
						DevelopmentTeam = 4KNA62BDYE;
						ProvisioningStyle = Automatic;
					};
					804D6CEF1E89A08C00C98053 = {
						CreatedOnToolsVersion = 8.2;
						DevelopmentTeam = 4KNA62BDYE;
						ProvisioningStyle = Automatic;
						TestTargetID = 804D6CD31E89A08C00C98053;
					};
				};
			};
			buildConfigurationList = 804D6CCF1E89A08C00C98053 /* Build configuration list for PBXProject "basket" */;
			compatibilityVersion = "Xcode 3.2";
			developmentRegion = English;
			hasScannedForEncodings = 0;
			knownRegions = (
				en,
				Base,
			);
			mainGroup = 804D6CCB1E89A08C00C98053;
			productRefGroup = 804D6CD51E89A08C00C98053 /* Products */;
			projectDirPath = "";
			projectRoot = "";
			targets = (
				804D6CD31E89A08C00C98053 /* basket */,
				804D6CEF1E89A08C00C98053 /* basketTests */,
			);
		};
/* End PBXProject section */

/* Begin PBXResourcesBuildPhase section */
		804D6CD21E89A08C00C98053 /* Resources */ = {
			isa = PBXResourcesBuildPhase;
			buildActionMask = 2147483647;
			files = (
				804D6CEA1E89A08C00C98053 /* LaunchScreen.storyboard in Resources */,
				804D6CE71E89A08C00C98053 /* Assets.xcassets in Resources */,
				804D6D391E89AC3800C98053 /* BTCollectionViewCell.xib in Resources */,
				804D6CE21E89A08C00C98053 /* Main.storyboard in Resources */,
			);
			runOnlyForDeploymentPostprocessing = 0;
		};
		804D6CEE1E89A08C00C98053 /* Resources */ = {
			isa = PBXResourcesBuildPhase;
			buildActionMask = 2147483647;
			files = (
				804D6D3A1E89AC3800C98053 /* BTCollectionViewCell.xib in Resources */,
			);
			runOnlyForDeploymentPostprocessing = 0;
		};
/* End PBXResourcesBuildPhase section */

/* Begin PBXSourcesBuildPhase section */
		804D6CD01E89A08C00C98053 /* Sources */ = {
			isa = PBXSourcesBuildPhase;
			buildActionMask = 2147483647;
			files = (
				804D6CDF1E89A08C00C98053 /* ViewController.m in Sources */,
				804D6D491E89C70A00C98053 /* BTButton.m in Sources */,
				804D6D0B1E89A27400C98053 /* BTBean.m in Sources */,
				804D6D3E1E89B1A700C98053 /* BTShopManager.m in Sources */,
				804D6CE51E89A08C00C98053 /* basket.xcdatamodeld in Sources */,
				804D6D1C1E89A40E00C98053 /* BTBasket.m in Sources */,
				804D6D291E89AB5700C98053 /* BTShopViewController.m in Sources */,
				804D6D2E1E89ABA900C98053 /* BTCheckoutViewController.m in Sources */,
				804D6D131E89A28F00C98053 /* BTEgg.m in Sources */,
				804D6D431E89B46000C98053 /* BTCurrency.m in Sources */,
				804D6D071E89A25600C98053 /* BTFood.m in Sources */,
				804D6D0F1E89A28300C98053 /* BTMilk.m in Sources */,
				804D6CDC1E89A08C00C98053 /* AppDelegate.m in Sources */,
				804D6D171E89A29E00C98053 /* BTTomato.m in Sources */,
				804D6D251E89AA8500C98053 /* BTViewController.m in Sources */,
				804D6D371E89AC3800C98053 /* BTCollectionViewCell.m in Sources */,
				804D6CD91E89A08C00C98053 /* main.m in Sources */,
			);
			runOnlyForDeploymentPostprocessing = 0;
		};
		804D6CEC1E89A08C00C98053 /* Sources */ = {
			isa = PBXSourcesBuildPhase;
			buildActionMask = 2147483647;
			files = (
				804D6CF51E89A08C00C98053 /* basketTests.m in Sources */,
				804D6D181E89A29E00C98053 /* BTTomato.m in Sources */,
				804D6D261E89AA8500C98053 /* BTViewController.m in Sources */,
				804D6D0C1E89A27400C98053 /* BTBean.m in Sources */,
				804D6D2A1E89AB5700C98053 /* BTShopViewController.m in Sources */,
				804D6D4A1E89C70A00C98053 /* BTButton.m in Sources */,
				804D6D3F1E89B1A700C98053 /* BTShopManager.m in Sources */,
				804D6D141E89A28F00C98053 /* BTEgg.m in Sources */,
				804D6D2F1E89ABA900C98053 /* BTCheckoutViewController.m in Sources */,
				804D6D101E89A28300C98053 /* BTMilk.m in Sources */,
				804D6D081E89A25600C98053 /* BTFood.m in Sources */,
				804D6D441E89B46000C98053 /* BTCurrency.m in Sources */,
				804D6D381E89AC3800C98053 /* BTCollectionViewCell.m in Sources */,
				804D6D1D1E89A40E00C98053 /* BTBasket.m in Sources */,
			);
			runOnlyForDeploymentPostprocessing = 0;
		};
/* End PBXSourcesBuildPhase section */

/* Begin PBXTargetDependency section */
		804D6CF21E89A08C00C98053 /* PBXTargetDependency */ = {
			isa = PBXTargetDependency;
			target = 804D6CD31E89A08C00C98053 /* basket */;
			targetProxy = 804D6CF11E89A08C00C98053 /* PBXContainerItemProxy */;
		};
/* End PBXTargetDependency section */

/* Begin PBXVariantGroup section */
		804D6CE01E89A08C00C98053 /* Main.storyboard */ = {
			isa = PBXVariantGroup;
			children = (
				804D6CE11E89A08C00C98053 /* Base */,
			);
			name = Main.storyboard;
			sourceTree = "<group>";
		};
		804D6CE81E89A08C00C98053 /* LaunchScreen.storyboard */ = {
			isa = PBXVariantGroup;
			children = (
				804D6CE91E89A08C00C98053 /* Base */,
			);
			name = LaunchScreen.storyboard;
			sourceTree = "<group>";
		};
/* End PBXVariantGroup section */

/* Begin XCBuildConfiguration section */
		804D6CF71E89A08C00C98053 /* Debug */ = {
			isa = XCBuildConfiguration;
			buildSettings = {
				ALWAYS_SEARCH_USER_PATHS = NO;
				CLANG_ANALYZER_NONNULL = YES;
				CLANG_CXX_LANGUAGE_STANDARD = "gnu++0x";
				CLANG_CXX_LIBRARY = "libc++";
				CLANG_ENABLE_MODULES = YES;
				CLANG_ENABLE_OBJC_ARC = YES;
				CLANG_WARN_BOOL_CONVERSION = YES;
				CLANG_WARN_CONSTANT_CONVERSION = YES;
				CLANG_WARN_DIRECT_OBJC_ISA_USAGE = YES_ERROR;
				CLANG_WARN_DOCUMENTATION_COMMENTS = YES;
				CLANG_WARN_EMPTY_BODY = YES;
				CLANG_WARN_ENUM_CONVERSION = YES;
				CLANG_WARN_INFINITE_RECURSION = YES;
				CLANG_WARN_INT_CONVERSION = YES;
				CLANG_WARN_OBJC_ROOT_CLASS = YES_ERROR;
				CLANG_WARN_SUSPICIOUS_MOVE = YES;
				CLANG_WARN_UNREACHABLE_CODE = YES;
				CLANG_WARN__DUPLICATE_METHOD_MATCH = YES;
				"CODE_SIGN_IDENTITY[sdk=iphoneos*]" = "iPhone Developer";
				COPY_PHASE_STRIP = NO;
				DEBUG_INFORMATION_FORMAT = dwarf;
				ENABLE_STRICT_OBJC_MSGSEND = YES;
				ENABLE_TESTABILITY = YES;
				GCC_C_LANGUAGE_STANDARD = gnu99;
				GCC_DYNAMIC_NO_PIC = NO;
				GCC_NO_COMMON_BLOCKS = YES;
				GCC_OPTIMIZATION_LEVEL = 0;
				GCC_PREPROCESSOR_DEFINITIONS = (
					"DEBUG=1",
					"$(inherited)",
				);
				GCC_WARN_64_TO_32_BIT_CONVERSION = YES;
				GCC_WARN_ABOUT_RETURN_TYPE = YES_ERROR;
				GCC_WARN_UNDECLARED_SELECTOR = YES;
				GCC_WARN_UNINITIALIZED_AUTOS = YES_AGGRESSIVE;
				GCC_WARN_UNUSED_FUNCTION = YES;
				GCC_WARN_UNUSED_VARIABLE = YES;
				IPHONEOS_DEPLOYMENT_TARGET = 10.2;
				MTL_ENABLE_DEBUG_INFO = YES;
				ONLY_ACTIVE_ARCH = YES;
				SDKROOT = iphoneos;
				TARGETED_DEVICE_FAMILY = "1,2";
			};
			name = Debug;
		};
		804D6CF81E89A08C00C98053 /* Release */ = {
			isa = XCBuildConfiguration;
			buildSettings = {
				ALWAYS_SEARCH_USER_PATHS = NO;
				CLANG_ANALYZER_NONNULL = YES;
				CLANG_CXX_LANGUAGE_STANDARD = "gnu++0x";
				CLANG_CXX_LIBRARY = "libc++";
				CLANG_ENABLE_MODULES = YES;
				CLANG_ENABLE_OBJC_ARC = YES;
				CLANG_WARN_BOOL_CONVERSION = YES;
				CLANG_WARN_CONSTANT_CONVERSION = YES;
				CLANG_WARN_DIRECT_OBJC_ISA_USAGE = YES_ERROR;
				CLANG_WARN_DOCUMENTATION_COMMENTS = YES;
				CLANG_WARN_EMPTY_BODY = YES;
				CLANG_WARN_ENUM_CONVERSION = YES;
				CLANG_WARN_INFINITE_RECURSION = YES;
				CLANG_WARN_INT_CONVERSION = YES;
				CLANG_WARN_OBJC_ROOT_CLASS = YES_ERROR;
				CLANG_WARN_SUSPICIOUS_MOVE = YES;
				CLANG_WARN_UNREACHABLE_CODE = YES;
				CLANG_WARN__DUPLICATE_METHOD_MATCH = YES;
				"CODE_SIGN_IDENTITY[sdk=iphoneos*]" = "iPhone Developer";
				COPY_PHASE_STRIP = NO;
				DEBUG_INFORMATION_FORMAT = "dwarf-with-dsym";
				ENABLE_NS_ASSERTIONS = NO;
				ENABLE_STRICT_OBJC_MSGSEND = YES;
				GCC_C_LANGUAGE_STANDARD = gnu99;
				GCC_NO_COMMON_BLOCKS = YES;
				GCC_WARN_64_TO_32_BIT_CONVERSION = YES;
				GCC_WARN_ABOUT_RETURN_TYPE = YES_ERROR;
				GCC_WARN_UNDECLARED_SELECTOR = YES;
				GCC_WARN_UNINITIALIZED_AUTOS = YES_AGGRESSIVE;
				GCC_WARN_UNUSED_FUNCTION = YES;
				GCC_WARN_UNUSED_VARIABLE = YES;
				IPHONEOS_DEPLOYMENT_TARGET = 10.2;
				MTL_ENABLE_DEBUG_INFO = NO;
				SDKROOT = iphoneos;
				TARGETED_DEVICE_FAMILY = "1,2";
				VALIDATE_PRODUCT = YES;
			};
			name = Release;
		};
		804D6CFA1E89A08C00C98053 /* Debug */ = {
			isa = XCBuildConfiguration;
			buildSettings = {
				ASSETCATALOG_COMPILER_APPICON_NAME = AppIcon;
				DEVELOPMENT_TEAM = 4KNA62BDYE;
				INFOPLIST_FILE = basket/Info.plist;
				LD_RUNPATH_SEARCH_PATHS = "$(inherited) @executable_path/Frameworks";
				PRODUCT_BUNDLE_IDENTIFIER = com.swallowco.edge5.basket;
				PRODUCT_NAME = "$(TARGET_NAME)";
			};
			name = Debug;
		};
		804D6CFB1E89A08C00C98053 /* Release */ = {
			isa = XCBuildConfiguration;
			buildSettings = {
				ASSETCATALOG_COMPILER_APPICON_NAME = AppIcon;
				DEVELOPMENT_TEAM = 4KNA62BDYE;
				INFOPLIST_FILE = basket/Info.plist;
				LD_RUNPATH_SEARCH_PATHS = "$(inherited) @executable_path/Frameworks";
				PRODUCT_BUNDLE_IDENTIFIER = com.swallowco.edge5.basket;
				PRODUCT_NAME = "$(TARGET_NAME)";
			};
			name = Release;
		};
		804D6CFD1E89A08C00C98053 /* Debug */ = {
			isa = XCBuildConfiguration;
			buildSettings = {
				BUNDLE_LOADER = "$(TEST_HOST)";
				DEVELOPMENT_TEAM = 4KNA62BDYE;
				INFOPLIST_FILE = basketTests/Info.plist;
				LD_RUNPATH_SEARCH_PATHS = "$(inherited) @executable_path/Frameworks @loader_path/Frameworks";
				PRODUCT_BUNDLE_IDENTIFIER = com.swallowco.edge5.basketTests;
				PRODUCT_NAME = "$(TARGET_NAME)";
				TEST_HOST = "$(BUILT_PRODUCTS_DIR)/basket.app/basket";
			};
			name = Debug;
		};
		804D6CFE1E89A08C00C98053 /* Release */ = {
			isa = XCBuildConfiguration;
			buildSettings = {
				BUNDLE_LOADER = "$(TEST_HOST)";
				DEVELOPMENT_TEAM = 4KNA62BDYE;
				INFOPLIST_FILE = basketTests/Info.plist;
				LD_RUNPATH_SEARCH_PATHS = "$(inherited) @executable_path/Frameworks @loader_path/Frameworks";
				PRODUCT_BUNDLE_IDENTIFIER = com.swallowco.edge5.basketTests;
				PRODUCT_NAME = "$(TARGET_NAME)";
				TEST_HOST = "$(BUILT_PRODUCTS_DIR)/basket.app/basket";
			};
			name = Release;
		};
/* End XCBuildConfiguration section */

/* Begin XCConfigurationList section */
		804D6CCF1E89A08C00C98053 /* Build configuration list for PBXProject "basket" */ = {
			isa = XCConfigurationList;
			buildConfigurations = (
				804D6CF71E89A08C00C98053 /* Debug */,
				804D6CF81E89A08C00C98053 /* Release */,
			);
			defaultConfigurationIsVisible = 0;
			defaultConfigurationName = Release;
		};
		804D6CF91E89A08C00C98053 /* Build configuration list for PBXNativeTarget "basket" */ = {
			isa = XCConfigurationList;
			buildConfigurations = (
				804D6CFA1E89A08C00C98053 /* Debug */,
				804D6CFB1E89A08C00C98053 /* Release */,
			);
			defaultConfigurationIsVisible = 0;
		};
		804D6CFC1E89A08C00C98053 /* Build configuration list for PBXNativeTarget "basketTests" */ = {
			isa = XCConfigurationList;
			buildConfigurations = (
				804D6CFD1E89A08C00C98053 /* Debug */,
				804D6CFE1E89A08C00C98053 /* Release */,
			);
			defaultConfigurationIsVisible = 0;
		};
/* End XCConfigurationList section */

/* Begin XCVersionGroup section */
		804D6CE31E89A08C00C98053 /* basket.xcdatamodeld */ = {
			isa = XCVersionGroup;
			children = (
				804D6CE41E89A08C00C98053 /* basket.xcdatamodel */,
			);
			currentVersion = 804D6CE41E89A08C00C98053 /* basket.xcdatamodel */;
			path = basket.xcdatamodeld;
			sourceTree = "<group>";
			versionGroupType = wrapper.xcdatamodel;
		};
/* End XCVersionGroup section */
	};
	rootObject = 804D6CCC1E89A08C00C98053 /* Project object */;
}
